[[package]]
name = "daemonize"
version = "0.2.3"
source = "registry+https://github.com/rust-lang/crates.io-index"
dependencies = [
 "libc 0.2.34 (registry+https://github.com/rust-lang/crates.io-index)",
]

[[package]]
name = "libc"
version = "0.2.34"
source = "registry+https://github.com/rust-lang/crates.io-index"

[[package]]
name = "updater"
version = "0.1.0"
dependencies = [
 "daemonize 0.2.3 (registry+https://github.com/rust-lang/crates.io-index)",
]

[metadata]
"checksum daemonize 0.2.3 (registry+https://github.com/rust-lang/crates.io-index)" = "0239832c1b4ca406d5ec73728cf4c7336d25cf85dd32db9e047e9e706ee0e935"
"checksum libc 0.2.34 (registry+https://github.com/rust-lang/crates.io-index)" = "36fbc8a8929c632868295d0178dd8f63fc423fd7537ad0738372bd010b3ac9b0"
